
Microsoft Visual Studio Solution File, Format Version 12.00
# Visual Studio Version 17
VisualStudioVersion = 17.10.34902.84
MinimumVisualStudioVersion = 10.0.40219.1
Project("{2150E333-8FDC-42A3-9474-1A3956D46DE8}") = "Aspire", "Aspire", "{DC9C774E-4088-46D7-9EF5-C969B7A6F93E}"
EndProject
Project("{9A19103F-16F7-4668-BE54-9A1E7A4F7556}") = "Aerifloat.Silo", "Aerifloat.Silo\Aerifloat.Silo.csproj", "{64F60DE4-41B4-44F3-BF61-C2A9205353BD}"
EndProject
Project("{9A19103F-16F7-4668-BE54-9A1E7A4F7556}") = "Aerifloat.AppHost", "Aspire\Aerifloat.AppHost\Aerifloat.AppHost.csproj", "{554637A0-C2E4-45DE-9B42-4ED7AFC2C099}"
EndProject
Project("{9A19103F-16F7-4668-BE54-9A1E7A4F7556}") = "Aerifloat.ServiceDefaults", "Aspire\Aerifloat.ServiceDefaults\Aerifloat.ServiceDefaults.csproj", "{E57E5C12-484F-40A7-9E7A-C7716C4442ED}"
EndProject
Project("{9A19103F-16F7-4668-BE54-9A1E7A4F7556}") = "Aerifloat.Grains", "Grains\Aerifloat.Grains\Aerifloat.Grains.csproj", "{1DDA9436-21D1-424F-8EF2-F925D1D871A7}"
EndProject
Project("{9A19103F-16F7-4668-BE54-9A1E7A4F7556}") = "Aerifloat.Grains.Abstractions", "Aerifloat.Grains.Abstractions\Aerifloat.Grains.Abstractions.csproj", "{BBC9AE90-2F9B-4074-9333-BBED35363FAC}"
EndProject
Project("{2150E333-8FDC-42A3-9474-1A3956D46DE8}") = "Infrastructure", "Infrastructure", "{32F991F0-E8FE-455B-BA5D-63D4F3F579FA}"
EndProject
Project("{9A19103F-16F7-4668-BE54-9A1E7A4F7556}") = "Aerifloat.Api.Common", "Aerifloat.Api.Common\Aerifloat.Api.Common.csproj", "{720FA98B-E0C6-44F8-9264-13A453D7FB2B}"
EndProject
Project("{9A19103F-16F7-4668-BE54-9A1E7A4F7556}") = "Aerofloat.MediatRs", "Aerofloat.MediatRs\Aerofloat.MediatRs.csproj", "{5A62EB6A-90DF-4B81-B2E2-5BC7BBAA98DE}"
EndProject
Project("{2150E333-8FDC-42A3-9474-1A3956D46DE8}") = "SolutionItems", "SolutionItems", "{E6CFBCE4-DAA0-4F0E-9834-56694F1C64D3}"
	ProjectSection(SolutionItems) = preProject
		SolutionItems\aspire-rollback-command.txt = SolutionItems\aspire-rollback-command.txt
		SolutionItems\aspire-rollback.txt = SolutionItems\aspire-rollback.txt
		SolutionItems\migration.ps1 = SolutionItems\migration.ps1
		SolutionItems\update-dev.ps1 = SolutionItems\update-dev.ps1
		SolutionItems\update-ef-tool.ps1 = SolutionItems\update-ef-tool.ps1
		SolutionItems\update-returner.ps1 = SolutionItems\update-returner.ps1
	EndProjectSection
EndProject
Project("{2150E333-8FDC-42A3-9474-1A3956D46DE8}") = "Business", "Business", "{B556DE39-976B-44A2-9489-FAA72963ED1C}"
EndProject
Project("{FAE04EC0-301F-11D3-BF4B-00C04F79EFBC}") = "Aerifloat.Api.Endpoints.Concerts", "Aerifloat.Api.Endpoints.Concerts\Aerifloat.Api.Endpoints.Concerts.csproj", "{CE7B634D-7FC8-4E8B-8158-D6CE02DC1470}"
EndProject
Project("{2150E333-8FDC-42A3-9474-1A3956D46DE8}") = "Hosts", "Hosts", "{A0E1C17A-3A9D-423E-92D0-FAFA1460E787}"
EndProject
Project("{9A19103F-16F7-4668-BE54-9A1E7A4F7556}") = "Aerifloat.Host.Api.Backend", "Aerifloat.Host.Api.Backend\Aerifloat.Host.Api.Backend.csproj", "{8037B40F-8A0E-4F3A-9729-1A6D6ED848C6}"
EndProject
Project("{FAE04EC0-301F-11D3-BF4B-00C04F79EFBC}") = "Aerifloat.Repositories", "Aerifloat.Repositories\Aerifloat.Repositories.csproj", "{3C8EF2C1-AAF6-4371-BB58-22B9E269BBAC}"
EndProject
Project("{FAE04EC0-301F-11D3-BF4B-00C04F79EFBC}") = "Aerifloat.MediatRs.Dtos", "Aerifloat.MediatRs.Dtos\Aerifloat.MediatRs.Dtos.csproj", "{F1DD5DE2-BE6F-4509-9D38-356E3C78B473}"
EndProject
Project("{FAE04EC0-301F-11D3-BF4B-00C04F79EFBC}") = "Aerifloat.Grains.Dtos", "Aerifloat.Grains.Dtos\Aerifloat.Grains.Dtos.csproj", "{88CD776F-4D2B-4BF1-8562-06762EF4CA6F}"
EndProject
Project("{2150E333-8FDC-42A3-9474-1A3956D46DE8}") = "Endpoints", "Endpoints", "{C81C8560-1919-4564-931D-9F47FFD8FEA7}"
EndProject
Project("{2150E333-8FDC-42A3-9474-1A3956D46DE8}") = "Orleans", "Orleans", "{01049E54-14BF-4C01-8A96-2353A2836197}"
EndProject
Project("{2150E333-8FDC-42A3-9474-1A3956D46DE8}") = "MediatR", "MediatR", "{4DAABB6F-49C1-4465-858F-9254F67CFD92}"
EndProject
Global
	GlobalSection(SolutionConfigurationPlatforms) = preSolution
		Debug|Any CPU = Debug|Any CPU
		Release|Any CPU = Release|Any CPU
	EndGlobalSection
	GlobalSection(ProjectConfigurationPlatforms) = postSolution
		{64F60DE4-41B4-44F3-BF61-C2A9205353BD}.Debug|Any CPU.ActiveCfg = Debug|Any CPU
		{64F60DE4-41B4-44F3-BF61-C2A9205353BD}.Debug|Any CPU.Build.0 = Debug|Any CPU
		{64F60DE4-41B4-44F3-BF61-C2A9205353BD}.Release|Any CPU.ActiveCfg = Release|Any CPU
		{64F60DE4-41B4-44F3-BF61-C2A9205353BD}.Release|Any CPU.Build.0 = Release|Any CPU
		{554637A0-C2E4-45DE-9B42-4ED7AFC2C099}.Debug|Any CPU.ActiveCfg = Debug|Any CPU
		{554637A0-C2E4-45DE-9B42-4ED7AFC2C099}.Debug|Any CPU.Build.0 = Debug|Any CPU
		{554637A0-C2E4-45DE-9B42-4ED7AFC2C099}.Release|Any CPU.ActiveCfg = Release|Any CPU
		{554637A0-C2E4-45DE-9B42-4ED7AFC2C099}.Release|Any CPU.Build.0 = Release|Any CPU
		{E57E5C12-484F-40A7-9E7A-C7716C4442ED}.Debug|Any CPU.ActiveCfg = Debug|Any CPU
		{E57E5C12-484F-40A7-9E7A-C7716C4442ED}.Debug|Any CPU.Build.0 = Debug|Any CPU
		{E57E5C12-484F-40A7-9E7A-C7716C4442ED}.Release|Any CPU.ActiveCfg = Release|Any CPU
		{E57E5C12-484F-40A7-9E7A-C7716C4442ED}.Release|Any CPU.Build.0 = Release|Any CPU
		{1DDA9436-21D1-424F-8EF2-F925D1D871A7}.Debug|Any CPU.ActiveCfg = Debug|Any CPU
		{1DDA9436-21D1-424F-8EF2-F925D1D871A7}.Debug|Any CPU.Build.0 = Debug|Any CPU
		{1DDA9436-21D1-424F-8EF2-F925D1D871A7}.Release|Any CPU.ActiveCfg = Release|Any CPU
		{1DDA9436-21D1-424F-8EF2-F925D1D871A7}.Release|Any CPU.Build.0 = Release|Any CPU
		{BBC9AE90-2F9B-4074-9333-BBED35363FAC}.Debug|Any CPU.ActiveCfg = Debug|Any CPU
		{BBC9AE90-2F9B-4074-9333-BBED35363FAC}.Debug|Any CPU.Build.0 = Debug|Any CPU
		{BBC9AE90-2F9B-4074-9333-BBED35363FAC}.Release|Any CPU.ActiveCfg = Release|Any CPU
		{BBC9AE90-2F9B-4074-9333-BBED35363FAC}.Release|Any CPU.Build.0 = Release|Any CPU
		{720FA98B-E0C6-44F8-9264-13A453D7FB2B}.Debug|Any CPU.ActiveCfg = Debug|Any CPU
		{720FA98B-E0C6-44F8-9264-13A453D7FB2B}.Debug|Any CPU.Build.0 = Debug|Any CPU
		{720FA98B-E0C6-44F8-9264-13A453D7FB2B}.Release|Any CPU.ActiveCfg = Release|Any CPU
		{720FA98B-E0C6-44F8-9264-13A453D7FB2B}.Release|Any CPU.Build.0 = Release|Any CPU
		{5A62EB6A-90DF-4B81-B2E2-5BC7BBAA98DE}.Debug|Any CPU.ActiveCfg = Debug|Any CPU
		{5A62EB6A-90DF-4B81-B2E2-5BC7BBAA98DE}.Debug|Any CPU.Build.0 = Debug|Any CPU
		{5A62EB6A-90DF-4B81-B2E2-5BC7BBAA98DE}.Release|Any CPU.ActiveCfg = Release|Any CPU
		{5A62EB6A-90DF-4B81-B2E2-5BC7BBAA98DE}.Release|Any CPU.Build.0 = Release|Any CPU
		{CE7B634D-7FC8-4E8B-8158-D6CE02DC1470}.Debug|Any CPU.ActiveCfg = Debug|Any CPU
		{CE7B634D-7FC8-4E8B-8158-D6CE02DC1470}.Debug|Any CPU.Build.0 = Debug|Any CPU
		{CE7B634D-7FC8-4E8B-8158-D6CE02DC1470}.Release|Any CPU.ActiveCfg = Release|Any CPU
		{CE7B634D-7FC8-4E8B-8158-D6CE02DC1470}.Release|Any CPU.Build.0 = Release|Any CPU
		{8037B40F-8A0E-4F3A-9729-1A6D6ED848C6}.Debug|Any CPU.ActiveCfg = Debug|Any CPU
		{8037B40F-8A0E-4F3A-9729-1A6D6ED848C6}.Debug|Any CPU.Build.0 = Debug|Any CPU
		{8037B40F-8A0E-4F3A-9729-1A6D6ED848C6}.Release|Any CPU.ActiveCfg = Release|Any CPU
		{8037B40F-8A0E-4F3A-9729-1A6D6ED848C6}.Release|Any CPU.Build.0 = Release|Any CPU
		{3C8EF2C1-AAF6-4371-BB58-22B9E269BBAC}.Debug|Any CPU.ActiveCfg = Debug|Any CPU
		{3C8EF2C1-AAF6-4371-BB58-22B9E269BBAC}.Debug|Any CPU.Build.0 = Debug|Any CPU
		{3C8EF2C1-AAF6-4371-BB58-22B9E269BBAC}.Release|Any CPU.ActiveCfg = Release|Any CPU
		{3C8EF2C1-AAF6-4371-BB58-22B9E269BBAC}.Release|Any CPU.Build.0 = Release|Any CPU
		{F1DD5DE2-BE6F-4509-9D38-356E3C78B473}.Debug|Any CPU.ActiveCfg = Debug|Any CPU
		{F1DD5DE2-BE6F-4509-9D38-356E3C78B473}.Debug|Any CPU.Build.0 = Debug|Any CPU
		{F1DD5DE2-BE6F-4509-9D38-356E3C78B473}.Release|Any CPU.ActiveCfg = Release|Any CPU
		{F1DD5DE2-BE6F-4509-9D38-356E3C78B473}.Release|Any CPU.Build.0 = Release|Any CPU
		{88CD776F-4D2B-4BF1-8562-06762EF4CA6F}.Debug|Any CPU.ActiveCfg = Debug|Any CPU
		{88CD776F-4D2B-4BF1-8562-06762EF4CA6F}.Debug|Any CPU.Build.0 = Debug|Any CPU
		{88CD776F-4D2B-4BF1-8562-06762EF4CA6F}.Release|Any CPU.ActiveCfg = Release|Any CPU
		{88CD776F-4D2B-4BF1-8562-06762EF4CA6F}.Release|Any CPU.Build.0 = Release|Any CPU
	EndGlobalSection
	GlobalSection(SolutionProperties) = preSolution
		HideSolutionNode = FALSE
	EndGlobalSection
	GlobalSection(NestedProjects) = preSolution
		{64F60DE4-41B4-44F3-BF61-C2A9205353BD} = {A0E1C17A-3A9D-423E-92D0-FAFA1460E787}
		{554637A0-C2E4-45DE-9B42-4ED7AFC2C099} = {DC9C774E-4088-46D7-9EF5-C969B7A6F93E}
		{E57E5C12-484F-40A7-9E7A-C7716C4442ED} = {DC9C774E-4088-46D7-9EF5-C969B7A6F93E}
		{1DDA9436-21D1-424F-8EF2-F925D1D871A7} = {01049E54-14BF-4C01-8A96-2353A2836197}
		{BBC9AE90-2F9B-4074-9333-BBED35363FAC} = {01049E54-14BF-4C01-8A96-2353A2836197}
		{720FA98B-E0C6-44F8-9264-13A453D7FB2B} = {32F991F0-E8FE-455B-BA5D-63D4F3F579FA}
		{5A62EB6A-90DF-4B81-B2E2-5BC7BBAA98DE} = {4DAABB6F-49C1-4465-858F-9254F67CFD92}
		{CE7B634D-7FC8-4E8B-8158-D6CE02DC1470} = {C81C8560-1919-4564-931D-9F47FFD8FEA7}
		{8037B40F-8A0E-4F3A-9729-1A6D6ED848C6} = {A0E1C17A-3A9D-423E-92D0-FAFA1460E787}
		{3C8EF2C1-AAF6-4371-BB58-22B9E269BBAC} = {4DAABB6F-49C1-4465-858F-9254F67CFD92}
		{F1DD5DE2-BE6F-4509-9D38-356E3C78B473} = {4DAABB6F-49C1-4465-858F-9254F67CFD92}
		{88CD776F-4D2B-4BF1-8562-06762EF4CA6F} = {01049E54-14BF-4C01-8A96-2353A2836197}
		{C81C8560-1919-4564-931D-9F47FFD8FEA7} = {B556DE39-976B-44A2-9489-FAA72963ED1C}
		{01049E54-14BF-4C01-8A96-2353A2836197} = {B556DE39-976B-44A2-9489-FAA72963ED1C}
		{4DAABB6F-49C1-4465-858F-9254F67CFD92} = {B556DE39-976B-44A2-9489-FAA72963ED1C}
	EndGlobalSection
	GlobalSection(ExtensibilityGlobals) = postSolution
		SolutionGuid = {13629C56-A2EE-48AA-99A1-3D2EC2A93B28}
	EndGlobalSection
EndGlobal
