
Microsoft Visual Studio Solution File, Format Version 12.00
# Visual Studio Version 17
VisualStudioVersion = 17.10.34902.84
MinimumVisualStudioVersion = 10.0.40219.1
Project("{9A19103F-16F7-4668-BE54-9A1E7A4F7556}") = "Endpoints", "Endpoints\Endpoints.csproj", "{8B7F544E-881E-4F12-B8C7-3841E91958B8}"
EndProject
Project("{2150E333-8FDC-42A3-9474-1A3956D46DE8}") = "Aspire", "Aspire", "{DC9C774E-4088-46D7-9EF5-C969B7A6F93E}"
EndProject
Project("{9A19103F-16F7-4668-BE54-9A1E7A4F7556}") = "Aerifloat.Silo", "Aerifloat.Silo\Aerifloat.Silo.csproj", "{64F60DE4-41B4-44F3-BF61-C2A9205353BD}"
EndProject
Project("{9A19103F-16F7-4668-BE54-9A1E7A4F7556}") = "Aerifloat.AppHost", "Aspire\Aerifloat.AppHost\Aerifloat.AppHost.csproj", "{554637A0-C2E4-45DE-9B42-4ED7AFC2C099}"
EndProject
Project("{9A19103F-16F7-4668-BE54-9A1E7A4F7556}") = "Aerifloat.ServiceDefaults", "Aspire\Aerifloat.ServiceDefaults\Aerifloat.ServiceDefaults.csproj", "{E57E5C12-484F-40A7-9E7A-C7716C4442ED}"
EndProject
Project("{FAE04EC0-301F-11D3-BF4B-00C04F79EFBC}") = "Aerifloat.Grains", "Grains\Aerifloat.Grains\Aerifloat.Grains.csproj", "{1DDA9436-21D1-424F-8EF2-F925D1D871A7}"
EndProject
Project("{FAE04EC0-301F-11D3-BF4B-00C04F79EFBC}") = "Aerifloat.Grains.Abstractions", "Aerifloat.Grains.Abstractions\Aerifloat.Grains.Abstractions.csproj", "{BBC9AE90-2F9B-4074-9333-BBED35363FAC}"
EndProject
Global
	GlobalSection(SolutionConfigurationPlatforms) = preSolution
		Debug|Any CPU = Debug|Any CPU
		Release|Any CPU = Release|Any CPU
	EndGlobalSection
	GlobalSection(ProjectConfigurationPlatforms) = postSolution
		{8B7F544E-881E-4F12-B8C7-3841E91958B8}.Debug|Any CPU.ActiveCfg = Debug|Any CPU
		{8B7F544E-881E-4F12-B8C7-3841E91958B8}.Debug|Any CPU.Build.0 = Debug|Any CPU
		{8B7F544E-881E-4F12-B8C7-3841E91958B8}.Release|Any CPU.ActiveCfg = Release|Any CPU
		{8B7F544E-881E-4F12-B8C7-3841E91958B8}.Release|Any CPU.Build.0 = Release|Any CPU
		{64F60DE4-41B4-44F3-BF61-C2A9205353BD}.Debug|Any CPU.ActiveCfg = Debug|Any CPU
		{64F60DE4-41B4-44F3-BF61-C2A9205353BD}.Debug|Any CPU.Build.0 = Debug|Any CPU
		{64F60DE4-41B4-44F3-BF61-C2A9205353BD}.Release|Any CPU.ActiveCfg = Release|Any CPU
		{64F60DE4-41B4-44F3-BF61-C2A9205353BD}.Release|Any CPU.Build.0 = Release|Any CPU
		{554637A0-C2E4-45DE-9B42-4ED7AFC2C099}.Debug|Any CPU.ActiveCfg = Debug|Any CPU
		{554637A0-C2E4-45DE-9B42-4ED7AFC2C099}.Debug|Any CPU.Build.0 = Debug|Any CPU
		{554637A0-C2E4-45DE-9B42-4ED7AFC2C099}.Release|Any CPU.ActiveCfg = Release|Any CPU
		{554637A0-C2E4-45DE-9B42-4ED7AFC2C099}.Release|Any CPU.Build.0 = Release|Any CPU
		{E57E5C12-484F-40A7-9E7A-C7716C4442ED}.Debug|Any CPU.ActiveCfg = Debug|Any CPU
		{E57E5C12-484F-40A7-9E7A-C7716C4442ED}.Debug|Any CPU.Build.0 = Debug|Any CPU
		{E57E5C12-484F-40A7-9E7A-C7716C4442ED}.Release|Any CPU.ActiveCfg = Release|Any CPU
		{E57E5C12-484F-40A7-9E7A-C7716C4442ED}.Release|Any CPU.Build.0 = Release|Any CPU
		{1DDA9436-21D1-424F-8EF2-F925D1D871A7}.Debug|Any CPU.ActiveCfg = Debug|Any CPU
		{1DDA9436-21D1-424F-8EF2-F925D1D871A7}.Debug|Any CPU.Build.0 = Debug|Any CPU
		{1DDA9436-21D1-424F-8EF2-F925D1D871A7}.Release|Any CPU.ActiveCfg = Release|Any CPU
		{1DDA9436-21D1-424F-8EF2-F925D1D871A7}.Release|Any CPU.Build.0 = Release|Any CPU
		{BBC9AE90-2F9B-4074-9333-BBED35363FAC}.Debug|Any CPU.ActiveCfg = Debug|Any CPU
		{BBC9AE90-2F9B-4074-9333-BBED35363FAC}.Debug|Any CPU.Build.0 = Debug|Any CPU
		{BBC9AE90-2F9B-4074-9333-BBED35363FAC}.Release|Any CPU.ActiveCfg = Release|Any CPU
		{BBC9AE90-2F9B-4074-9333-BBED35363FAC}.Release|Any CPU.Build.0 = Release|Any CPU
	EndGlobalSection
	GlobalSection(SolutionProperties) = preSolution
		HideSolutionNode = FALSE
	EndGlobalSection
	GlobalSection(NestedProjects) = preSolution
		{554637A0-C2E4-45DE-9B42-4ED7AFC2C099} = {DC9C774E-4088-46D7-9EF5-C969B7A6F93E}
		{E57E5C12-484F-40A7-9E7A-C7716C4442ED} = {DC9C774E-4088-46D7-9EF5-C969B7A6F93E}
	EndGlobalSection
	GlobalSection(ExtensibilityGlobals) = postSolution
		SolutionGuid = {13629C56-A2EE-48AA-99A1-3D2EC2A93B28}
	EndGlobalSection
EndGlobal
